// !$*UTF8*$!
{
	archiveVersion = 1;
	classes = {
	};
	objectVersion = 46;
	objects = {

/* Begin PBXBuildFile section */
		02CBBD831AF7AACE005AAC3B /* AppDelegate.swift in Sources */ = {isa = PBXBuildFile; fileRef = 02CBBD821AF7AACE005AAC3B /* AppDelegate.swift */; };
		02CBBD871AF7AACE005AAC3B /* GameScene.swift in Sources */ = {isa = PBXBuildFile; fileRef = 02CBBD861AF7AACE005AAC3B /* GameScene.swift */; };
		02CBBD891AF7AACE005AAC3B /* GameViewController.swift in Sources */ = {isa = PBXBuildFile; fileRef = 02CBBD881AF7AACE005AAC3B /* GameViewController.swift */; };
		02CBBD8C1AF7AACE005AAC3B /* Main.storyboard in Resources */ = {isa = PBXBuildFile; fileRef = 02CBBD8A1AF7AACE005AAC3B /* Main.storyboard */; };
		02CBBD8E1AF7AACE005AAC3B /* Images.xcassets in Resources */ = {isa = PBXBuildFile; fileRef = 02CBBD8D1AF7AACE005AAC3B /* Images.xcassets */; };
		02CBBD911AF7AACE005AAC3B /* LaunchScreen.xib in Resources */ = {isa = PBXBuildFile; fileRef = 02CBBD8F1AF7AACE005AAC3B /* LaunchScreen.xib */; };
		02CBBD9D1AF7AACE005AAC3B /* SpriteKitSimpleGameTests.swift in Sources */ = {isa = PBXBuildFile; fileRef = 02CBBD9C1AF7AACE005AAC3B /* SpriteKitSimpleGameTests.swift */; };
/* End PBXBuildFile section */

/* Begin PBXContainerItemProxy section */
		02CBBD971AF7AACE005AAC3B /* PBXContainerItemProxy */ = {
			isa = PBXContainerItemProxy;
			containerPortal = 02CBBD751AF7AACE005AAC3B /* Project object */;
			proxyType = 1;
			remoteGlobalIDString = 02CBBD7C1AF7AACE005AAC3B;
			remoteInfo = SpriteKitSimpleGame;
		};
/* End PBXContainerItemProxy section */

/* Begin PBXFileReference section */
		02CBBD7D1AF7AACE005AAC3B /* SpriteKitSimpleGame.app */ = {isa = PBXFileReference; explicitFileType = wrapper.application; includeInIndex = 0; path = SpriteKitSimpleGame.app; sourceTree = BUILT_PRODUCTS_DIR; };
		02CBBD811AF7AACE005AAC3B /* Info.plist */ = {isa = PBXFileReference; lastKnownFileType = text.plist.xml; path = Info.plist; sourceTree = "<group>"; };
		02CBBD821AF7AACE005AAC3B /* AppDelegate.swift */ = {isa = PBXFileReference; lastKnownFileType = sourcecode.swift; path = AppDelegate.swift; sourceTree = "<group>"; };
		02CBBD861AF7AACE005AAC3B /* GameScene.swift */ = {isa = PBXFileReference; lastKnownFileType = sourcecode.swift; path = GameScene.swift; sourceTree = "<group>"; };
		02CBBD881AF7AACE005AAC3B /* GameViewController.swift */ = {isa = PBXFileReference; lastKnownFileType = sourcecode.swift; path = GameViewController.swift; sourceTree = "<group>"; };
		02CBBD8B1AF7AACE005AAC3B /* Base */ = {isa = PBXFileReference; lastKnownFileType = file.storyboard; name = Base; path = Base.lproj/Main.storyboard; sourceTree = "<group>"; };
		02CBBD8D1AF7AACE005AAC3B /* Images.xcassets */ = {isa = PBXFileReference; lastKnownFileType = folder.assetcatalog; path = Images.xcassets; sourceTree = "<group>"; };
		02CBBD901AF7AACE005AAC3B /* Base */ = {isa = PBXFileReference; lastKnownFileType = file.xib; name = Base; path = Base.lproj/LaunchScreen.xib; sourceTree = "<group>"; };
		02CBBD961AF7AACE005AAC3B /* SpriteKitSimpleGameTests.xctest */ = {isa = PBXFileReference; explicitFileType = wrapper.cfbundle; includeInIndex = 0; path = SpriteKitSimpleGameTests.xctest; sourceTree = BUILT_PRODUCTS_DIR; };
		02CBBD9B1AF7AACE005AAC3B /* Info.plist */ = {isa = PBXFileReference; lastKnownFileType = text.plist.xml; path = Info.plist; sourceTree = "<group>"; };
		02CBBD9C1AF7AACE005AAC3B /* SpriteKitSimpleGameTests.swift */ = {isa = PBXFileReference; lastKnownFileType = sourcecode.swift; path = SpriteKitSimpleGameTests.swift; sourceTree = "<group>"; };
/* End PBXFileReference section */

/* Begin PBXFrameworksBuildPhase section */
		02CBBD7A1AF7AACE005AAC3B /* Frameworks */ = {
			isa = PBXFrameworksBuildPhase;
			buildActionMask = 2147483647;
			files = (
			);
			runOnlyForDeploymentPostprocessing = 0;
		};
		02CBBD931AF7AACE005AAC3B /* Frameworks */ = {
			isa = PBXFrameworksBuildPhase;
			buildActionMask = 2147483647;
			files = (
			);
			runOnlyForDeploymentPostprocessing = 0;
		};
/* End PBXFrameworksBuildPhase section */

/* Begin PBXGroup section */
		02CBBD741AF7AACE005AAC3B = {
			isa = PBXGroup;
			children = (
				02CBBD7F1AF7AACE005AAC3B /* SpriteKitSimpleGame */,
				02CBBD991AF7AACE005AAC3B /* SpriteKitSimpleGameTests */,
				02CBBD7E1AF7AACE005AAC3B /* Products */,
			);
			sourceTree = "<group>";
		};
		02CBBD7E1AF7AACE005AAC3B /* Products */ = {
			isa = PBXGroup;
			children = (
				02CBBD7D1AF7AACE005AAC3B /* SpriteKitSimpleGame.app */,
				02CBBD961AF7AACE005AAC3B /* SpriteKitSimpleGameTests.xctest */,
			);
			name = Products;
			sourceTree = "<group>";
		};
		02CBBD7F1AF7AACE005AAC3B /* SpriteKitSimpleGame */ = {
			isa = PBXGroup;
			children = (
				02CBBD821AF7AACE005AAC3B /* AppDelegate.swift */,
				02CBBD861AF7AACE005AAC3B /* GameScene.swift */,
				02CBBD881AF7AACE005AAC3B /* GameViewController.swift */,
				02CBBD8A1AF7AACE005AAC3B /* Main.storyboard */,
				02CBBD8D1AF7AACE005AAC3B /* Images.xcassets */,
				02CBBD8F1AF7AACE005AAC3B /* LaunchScreen.xib */,
				02CBBD801AF7AACE005AAC3B /* Supporting Files */,
			);
			path = SpriteKitSimpleGame;
			sourceTree = "<group>";
		};
		02CBBD801AF7AACE005AAC3B /* Supporting Files */ = {
			isa = PBXGroup;
			children = (
				02CBBD811AF7AACE005AAC3B /* Info.plist */,
			);
			name = "Supporting Files";
			sourceTree = "<group>";
		};
		02CBBD991AF7AACE005AAC3B /* SpriteKitSimpleGameTests */ = {
			isa = PBXGroup;
			children = (
				02CBBD9C1AF7AACE005AAC3B /* SpriteKitSimpleGameTests.swift */,
				02CBBD9A1AF7AACE005AAC3B /* Supporting Files */,
			);
			path = SpriteKitSimpleGameTests;
			sourceTree = "<group>";
		};
		02CBBD9A1AF7AACE005AAC3B /* Supporting Files */ = {
			isa = PBXGroup;
			children = (
				02CBBD9B1AF7AACE005AAC3B /* Info.plist */,
			);
			name = "Supporting Files";
			sourceTree = "<group>";
		};
/* End PBXGroup section */

/* Begin PBXNativeTarget section */
		02CBBD7C1AF7AACE005AAC3B /* SpriteKitSimpleGame */ = {
			isa = PBXNativeTarget;
			buildConfigurationList = 02CBBDA01AF7AACE005AAC3B /* Build configuration list for PBXNativeTarget "SpriteKitSimpleGame" */;
			buildPhases = (
				02CBBD791AF7AACE005AAC3B /* Sources */,
				02CBBD7A1AF7AACE005AAC3B /* Frameworks */,
				02CBBD7B1AF7AACE005AAC3B /* Resources */,
			);
			buildRules = (
			);
			dependencies = (
			);
			name = SpriteKitSimpleGame;
			productName = SpriteKitSimpleGame;
			productReference = 02CBBD7D1AF7AACE005AAC3B /* SpriteKitSimpleGame.app */;
			productType = "com.apple.product-type.application";
		};
		02CBBD951AF7AACE005AAC3B /* SpriteKitSimpleGameTests */ = {
			isa = PBXNativeTarget;
			buildConfigurationList = 02CBBDA31AF7AACE005AAC3B /* Build configuration list for PBXNativeTarget "SpriteKitSimpleGameTests" */;
			buildPhases = (
				02CBBD921AF7AACE005AAC3B /* Sources */,
				02CBBD931AF7AACE005AAC3B /* Frameworks */,
				02CBBD941AF7AACE005AAC3B /* Resources */,
			);
			buildRules = (
			);
			dependencies = (
				02CBBD981AF7AACE005AAC3B /* PBXTargetDependency */,
			);
			name = SpriteKitSimpleGameTests;
			productName = SpriteKitSimpleGameTests;
			productReference = 02CBBD961AF7AACE005AAC3B /* SpriteKitSimpleGameTests.xctest */;
			productType = "com.apple.product-type.bundle.unit-test";
		};
/* End PBXNativeTarget section */

/* Begin PBXProject section */
		02CBBD751AF7AACE005AAC3B /* Project object */ = {
			isa = PBXProject;
			attributes = {
				LastUpgradeCheck = 0630;
				ORGANIZATIONNAME = "Lidia Chou";
				TargetAttributes = {
					02CBBD7C1AF7AACE005AAC3B = {
						CreatedOnToolsVersion = 6.3.1;
					};
					02CBBD951AF7AACE005AAC3B = {
						CreatedOnToolsVersion = 6.3.1;
						TestTargetID = 02CBBD7C1AF7AACE005AAC3B;
					};
				};
			};
			buildConfigurationList = 02CBBD781AF7AACE005AAC3B /* Build configuration list for PBXProject "SpriteKitSimpleGame" */;
			compatibilityVersion = "Xcode 3.2";
			developmentRegion = English;
			hasScannedForEncodings = 0;
			knownRegions = (
				en,
				Base,
			);
			mainGroup = 02CBBD741AF7AACE005AAC3B;
			productRefGroup = 02CBBD7E1AF7AACE005AAC3B /* Products */;
			projectDirPath = "";
			projectRoot = "";
			targets = (
				02CBBD7C1AF7AACE005AAC3B /* SpriteKitSimpleGame */,
				02CBBD951AF7AACE005AAC3B /* SpriteKitSimpleGameTests */,
			);
		};
/* End PBXProject section */

/* Begin PBXResourcesBuildPhase section */
		02CBBD7B1AF7AACE005AAC3B /* Resources */ = {
			isa = PBXResourcesBuildPhase;
			buildActionMask = 2147483647;
			files = (
				02CBBD911AF7AACE005AAC3B /* LaunchScreen.xib in Resources */,
				02CBBD8E1AF7AACE005AAC3B /* Images.xcassets in Resources */,
				02CBBD8C1AF7AACE005AAC3B /* Main.storyboard in Resources */,
			);
			runOnlyForDeploymentPostprocessing = 0;
		};
		02CBBD941AF7AACE005AAC3B /* Resources */ = {
			isa = PBXResourcesBuildPhase;
			buildActionMask = 2147483647;
			files = (
			);
			runOnlyForDeploymentPostprocessing = 0;
		};
/* End PBXResourcesBuildPhase section */

/* Begin PBXSourcesBuildPhase section */
		02CBBD791AF7AACE005AAC3B /* Sources */ = {
			isa = PBXSourcesBuildPhase;
			buildActionMask = 2147483647;
			files = (
				02CBBD871AF7AACE005AAC3B /* GameScene.swift in Sources */,
				02CBBD891AF7AACE005AAC3B /* GameViewController.swift in Sources */,
				02CBBD831AF7AACE005AAC3B /* AppDelegate.swift in Sources */,
			);
			runOnlyForDeploymentPostprocessing = 0;
		};
		02CBBD921AF7AACE005AAC3B /* Sources */ = {
			isa = PBXSourcesBuildPhase;
			buildActionMask = 2147483647;
			files = (
				02CBBD9D1AF7AACE005AAC3B /* SpriteKitSimpleGameTests.swift in Sources */,
			);
			runOnlyForDeploymentPostprocessing = 0;
		};
/* End PBXSourcesBuildPhase section */

/* Begin PBXTargetDependency section */
		02CBBD981AF7AACE005AAC3B /* PBXTargetDependency */ = {
			isa = PBXTargetDependency;
			target = 02CBBD7C1AF7AACE005AAC3B /* SpriteKitSimpleGame */;
			targetProxy = 02CBBD971AF7AACE005AAC3B /* PBXContainerItemProxy */;
		};
/* End PBXTargetDependency section */

/* Begin PBXVariantGroup section */
		02CBBD8A1AF7AACE005AAC3B /* Main.storyboard */ = {
			isa = PBXVariantGroup;
			children = (
				02CBBD8B1AF7AACE005AAC3B /* Base */,
			);
			name = Main.storyboard;
			sourceTree = "<group>";
		};
		02CBBD8F1AF7AACE005AAC3B /* LaunchScreen.xib */ = {
			isa = PBXVariantGroup;
			children = (
				02CBBD901AF7AACE005AAC3B /* Base */,
			);
			name = LaunchScreen.xib;
			sourceTree = "<group>";
		};
/* End PBXVariantGroup section */

/* Begin XCBuildConfiguration section */
		02CBBD9E1AF7AACE005AAC3B /* Debug */ = {
			isa = XCBuildConfiguration;
			buildSettings = {
				ALWAYS_SEARCH_USER_PATHS = NO;
				CLANG_CXX_LANGUAGE_STANDARD = "gnu++0x";
				CLANG_CXX_LIBRARY = "libc++";
				CLANG_ENABLE_MODULES = YES;
				CLANG_ENABLE_OBJC_ARC = YES;
				CLANG_WARN_BOOL_CONVERSION = YES;
				CLANG_WARN_CONSTANT_CONVERSION = YES;
				CLANG_WARN_DIRECT_OBJC_ISA_USAGE = YES_ERROR;
				CLANG_WARN_EMPTY_BODY = YES;
				CLANG_WARN_ENUM_CONVERSION = YES;
				CLANG_WARN_INT_CONVERSION = YES;
				CLANG_WARN_OBJC_ROOT_CLASS = YES_ERROR;
				CLANG_WARN_UNREACHABLE_CODE = YES;
				CLANG_WARN__DUPLICATE_METHOD_MATCH = YES;
				"CODE_SIGN_IDENTITY[sdk=iphoneos*]" = "iPhone Developer";
				COPY_PHASE_STRIP = NO;
				DEBUG_INFORMATION_FORMAT = "dwarf-with-dsym";
				ENABLE_STRICT_OBJC_MSGSEND = YES;
				GCC_C_LANGUAGE_STANDARD = gnu99;
				GCC_DYNAMIC_NO_PIC = NO;
				GCC_NO_COMMON_BLOCKS = YES;
				GCC_OPTIMIZATION_LEVEL = 0;
				GCC_PREPROCESSOR_DEFINITIONS = (
					"DEBUG=1",
					"$(inherited)",
				);
				GCC_SYMBOLS_PRIVATE_EXTERN = NO;
				GCC_WARN_64_TO_32_BIT_CONVERSION = YES;
				GCC_WARN_ABOUT_RETURN_TYPE = YES_ERROR;
				GCC_WARN_UNDECLARED_SELECTOR = YES;
				GCC_WARN_UNINITIALIZED_AUTOS = YES_AGGRESSIVE;
				GCC_WARN_UNUSED_FUNCTION = YES;
				GCC_WARN_UNUSED_VARIABLE = YES;
				IPHONEOS_DEPLOYMENT_TARGET = 8.3;
				MTL_ENABLE_DEBUG_INFO = YES;
				ONLY_ACTIVE_ARCH = YES;
				SDKROOT = iphoneos;
				SWIFT_OPTIMIZATION_LEVEL = "-Onone";
			};
			name = Debug;
		};
		02CBBD9F1AF7AACE005AAC3B /* Release */ = {
			isa = XCBuildConfiguration;
			buildSettings = {
				ALWAYS_SEARCH_USER_PATHS = NO;
				CLANG_CXX_LANGUAGE_STANDARD = "gnu++0x";
				CLANG_CXX_LIBRARY = "libc++";
				CLANG_ENABLE_MODULES = YES;
				CLANG_ENABLE_OBJC_ARC = YES;
				CLANG_WARN_BOOL_CONVERSION = YES;
				CLANG_WARN_CONSTANT_CONVERSION = YES;
				CLANG_WARN_DIRECT_OBJC_ISA_USAGE = YES_ERROR;
				CLANG_WARN_EMPTY_BODY = YES;
				CLANG_WARN_ENUM_CONVERSION = YES;
				CLANG_WARN_INT_CONVERSION = YES;
				CLANG_WARN_OBJC_ROOT_CLASS = YES_ERROR;
				CLANG_WARN_UNREACHABLE_CODE = YES;
				CLANG_WARN__DUPLICATE_METHOD_MATCH = YES;
				"CODE_SIGN_IDENTITY[sdk=iphoneos*]" = "iPhone Developer";
				COPY_PHASE_STRIP = NO;
				DEBUG_INFORMATION_FORMAT = "dwarf-with-dsym";
				ENABLE_NS_ASSERTIONS = NO;
				ENABLE_STRICT_OBJC_MSGSEND = YES;
				GCC_C_LANGUAGE_STANDARD = gnu99;
				GCC_NO_COMMON_BLOCKS = YES;
				GCC_WARN_64_TO_32_BIT_CONVERSION = YES;
				GCC_WARN_ABOUT_RETURN_TYPE = YES_ERROR;
				GCC_WARN_UNDECLARED_SELECTOR = YES;
				GCC_WARN_UNINITIALIZED_AUTOS = YES_AGGRESSIVE;
				GCC_WARN_UNUSED_FUNCTION = YES;
				GCC_WARN_UNUSED_VARIABLE = YES;
				IPHONEOS_DEPLOYMENT_TARGET = 8.3;
				MTL_ENABLE_DEBUG_INFO = NO;
				SDKROOT = iphoneos;
				VALIDATE_PRODUCT = YES;
			};
			name = Release;
		};
		02CBBDA11AF7AACE005AAC3B /* Debug */ = {
			isa = XCBuildConfiguration;
			buildSettings = {
				ASSETCATALOG_COMPILER_APPICON_NAME = AppIcon;
				INFOPLIST_FILE = SpriteKitSimpleGame/Info.plist;
				LD_RUNPATH_SEARCH_PATHS = "$(inherited) @executable_path/Frameworks";
				PRODUCT_NAME = "$(TARGET_NAME)";
			};
			name = Debug;
		};
		02CBBDA21AF7AACE005AAC3B /* Release */ = {
			isa = XCBuildConfiguration;
			buildSettings = {
				ASSETCATALOG_COMPILER_APPICON_NAME = AppIcon;
				INFOPLIST_FILE = SpriteKitSimpleGame/Info.plist;
				LD_RUNPATH_SEARCH_PATHS = "$(inherited) @executable_path/Frameworks";
				PRODUCT_NAME = "$(TARGET_NAME)";
			};
			name = Release;
		};
		02CBBDA41AF7AACE005AAC3B /* Debug */ = {
			isa = XCBuildConfiguration;
			buildSettings = {
				BUNDLE_LOADER = "$(TEST_HOST)";
				FRAMEWORK_SEARCH_PATHS = (
					"$(SDKROOT)/Developer/Library/Frameworks",
					"$(inherited)",
				);
				GCC_PREPROCESSOR_DEFINITIONS = (
					"DEBUG=1",
					"$(inherited)",
				);
				INFOPLIST_FILE = SpriteKitSimpleGameTests/Info.plist;
				LD_RUNPATH_SEARCH_PATHS = "$(inherited) @executable_path/Frameworks @loader_path/Frameworks";
				PRODUCT_NAME = "$(TARGET_NAME)";
				TEST_HOST = "$(BUILT_PRODUCTS_DIR)/SpriteKitSimpleGame.app/SpriteKitSimpleGame";
			};
			name = Debug;
		};
		02CBBDA51AF7AACE005AAC3B /* Release */ = {
			isa = XCBuildConfiguration;
			buildSettings = {
				BUNDLE_LOADER = "$(TEST_HOST)";
				FRAMEWORK_SEARCH_PATHS = (
					"$(SDKROOT)/Developer/Library/Frameworks",
					"$(inherited)",
				);
				INFOPLIST_FILE = SpriteKitSimpleGameTests/Info.plist;
				LD_RUNPATH_SEARCH_PATHS = "$(inherited) @executable_path/Frameworks @loader_path/Frameworks";
				PRODUCT_NAME = "$(TARGET_NAME)";
				TEST_HOST = "$(BUILT_PRODUCTS_DIR)/SpriteKitSimpleGame.app/SpriteKitSimpleGame";
			};
			name = Release;
		};
/* End XCBuildConfiguration section */

/* Begin XCConfigurationList section */
		02CBBD781AF7AACE005AAC3B /* Build configuration list for PBXProject "SpriteKitSimpleGame" */ = {
			isa = XCConfigurationList;
			buildConfigurations = (
				02CBBD9E1AF7AACE005AAC3B /* Debug */,
				02CBBD9F1AF7AACE005AAC3B /* Release */,
			);
			defaultConfigurationIsVisible = 0;
			defaultConfigurationName = Release;
		};
		02CBBDA01AF7AACE005AAC3B /* Build configuration list for PBXNativeTarget "SpriteKitSimpleGame" */ = {
			isa = XCConfigurationList;
			buildConfigurations = (
				02CBBDA11AF7AACE005AAC3B /* Debug */,
				02CBBDA21AF7AACE005AAC3B /* Release */,
			);
			defaultConfigurationIsVisible = 0;
		};
		02CBBDA31AF7AACE005AAC3B /* Build configuration list for PBXNativeTarget "SpriteKitSimpleGameTests" */ = {
			isa = XCConfigurationList;
			buildConfigurations = (
				02CBBDA41AF7AACE005AAC3B /* Debug */,
				02CBBDA51AF7AACE005AAC3B /* Release */,
			);
			defaultConfigurationIsVisible = 0;
		};
/* End XCConfigurationList section */
	};
	rootObject = 02CBBD751AF7AACE005AAC3B /* Project object */;
}
